
Microsoft Visual Studio Solution File, Format Version 12.00
# Visual Studio Version 16
VisualStudioVersion = 16.0.28721.148
MinimumVisualStudioVersion = 10.0.40219.1
Project("{FAE04EC0-301F-11D3-BF4B-00C04F79EFBC}") = "EpamTrainingDay5", "EpamTrainingDay5\EpamTrainingDay5.csproj", "{A3B8FD70-21BC-421F-B2D3-A844EB50D8CC}"
EndProject
Global
	GlobalSection(SolutionConfigurationPlatforms) = preSolution
		Debug|Any CPU = Debug|Any CPU
		Release|Any CPU = Release|Any CPU
	EndGlobalSection
	GlobalSection(ProjectConfigurationPlatforms) = postSolution
		{A3B8FD70-21BC-421F-B2D3-A844EB50D8CC}.Debug|Any CPU.ActiveCfg = Debug|Any CPU
		{A3B8FD70-21BC-421F-B2D3-A844EB50D8CC}.Debug|Any CPU.Build.0 = Debug|Any CPU
		{A3B8FD70-21BC-421F-B2D3-A844EB50D8CC}.Release|Any CPU.ActiveCfg = Release|Any CPU
		{A3B8FD70-21BC-421F-B2D3-A844EB50D8CC}.Release|Any CPU.Build.0 = Release|Any CPU
	EndGlobalSection
	GlobalSection(SolutionProperties) = preSolution
		HideSolutionNode = FALSE
	EndGlobalSection
	GlobalSection(ExtensibilityGlobals) = postSolution
		SolutionGuid = {1ACD532E-7F1E-4177-AF27-EB4E3588899D}
	EndGlobalSection
EndGlobal
